// !$*UTF8*$!
{
	archiveVersion = 1;
	classes = {
	};
	objectVersion = 46;
	objects = {

/* Begin PBXBuildFile section */
		8C2CEB0D1B188EB600A2DB8F /* AppDelegate.swift in Sources */ = {isa = PBXBuildFile; fileRef = 8C2CEB0C1B188EB600A2DB8F /* AppDelegate.swift */; };
		8C2CEB0F1B188EB600A2DB8F /* ViewController.swift in Sources */ = {isa = PBXBuildFile; fileRef = 8C2CEB0E1B188EB600A2DB8F /* ViewController.swift */; };
		8C2CEB111B188EB600A2DB8F /* Images.xcassets in Resources */ = {isa = PBXBuildFile; fileRef = 8C2CEB101B188EB600A2DB8F /* Images.xcassets */; };
		8C2CEB141B188EB600A2DB8F /* Main.storyboard in Resources */ = {isa = PBXBuildFile; fileRef = 8C2CEB121B188EB600A2DB8F /* Main.storyboard */; };
		8C2CEB201B188EB600A2DB8F /* text_itTests.swift in Sources */ = {isa = PBXBuildFile; fileRef = 8C2CEB1F1B188EB600A2DB8F /* text_itTests.swift */; };
		8C3265931B34B2BC00D958A2 /* IFFirmata.m in Sources */ = {isa = PBXBuildFile; fileRef = 8C3265901B34B2BC00D958A2 /* IFFirmata.m */; };
		8C3265941B34B2BC00D958A2 /* IFFirmataCommunicationModule.m in Sources */ = {isa = PBXBuildFile; fileRef = 8C3265921B34B2BC00D958A2 /* IFFirmataCommunicationModule.m */; };
		8C32659D1B34B42300D958A2 /* BLEDiscovery.m in Sources */ = {isa = PBXBuildFile; fileRef = 8C3265981B34B42300D958A2 /* BLEDiscovery.m */; };
		8C32659E1B34B42300D958A2 /* BLEHelper.m in Sources */ = {isa = PBXBuildFile; fileRef = 8C32659A1B34B42300D958A2 /* BLEHelper.m */; };
		8C32659F1B34B42300D958A2 /* BLEService.m in Sources */ = {isa = PBXBuildFile; fileRef = 8C32659C1B34B42300D958A2 /* BLEService.m */; };
		8C33CCA21B39C2AA00452DE4 /* THCustomComponent.swift in Sources */ = {isa = PBXBuildFile; fileRef = 8C33CCA11B39C2AA00452DE4 /* THCustomComponent.swift */; };
		8C515AFF1B4143A4005ED4C8 /* WindowController.swift in Sources */ = {isa = PBXBuildFile; fileRef = 8C515AFE1B4143A4005ED4C8 /* WindowController.swift */; };
		8C60024D1B1C45C30057892E /* NoodleLineNumberView.m in Sources */ = {isa = PBXBuildFile; fileRef = 8C60024C1B1C45C30057892E /* NoodleLineNumberView.m */; settings = {COMPILER_FLAGS = "-fno-objc-arc"; }; };
		8C6002501B1C460A0057892E /* NoodleLineNumberMarker.m in Sources */ = {isa = PBXBuildFile; fileRef = 8C60024F1B1C460A0057892E /* NoodleLineNumberMarker.m */; };
		8C6002531B1C4F7A0057892E /* MarkerLineNumberView.m in Sources */ = {isa = PBXBuildFile; fileRef = 8C6002511B1C4F7A0057892E /* MarkerLineNumberView.m */; settings = {COMPILER_FLAGS = "-fno-objc-arc"; }; };
		8C6002561B1C5B080057892E /* DataLoader.swift in Sources */ = {isa = PBXBuildFile; fileRef = 8C6002551B1C5B080057892E /* DataLoader.swift */; };
		8C6002591B1C71340057892E /* LineChart.swift in Sources */ = {isa = PBXBuildFile; fileRef = 8C6002581B1C71340057892E /* LineChart.swift */; };
		8C701D101B2486EB002BEED5 /* LowPassFilter.swift in Sources */ = {isa = PBXBuildFile; fileRef = 8C701D0F1B2486EB002BEED5 /* LowPassFilter.swift */; };
		8C75C6FD1B2EFF19009CAE62 /* ComponentModel.swift in Sources */ = {isa = PBXBuildFile; fileRef = 8C75C6FC1B2EFF19009CAE62 /* ComponentModel.swift */; };
		8C8953BC1B27092A008CFA3C /* RCFilter.swift in Sources */ = {isa = PBXBuildFile; fileRef = 8C8953BB1B27092A008CFA3C /* RCFilter.swift */; };
		8CA303401B3D4D1A00002404 /* ViewControllerBLE_Firmata.swift in Sources */ = {isa = PBXBuildFile; fileRef = 8CA3033F1B3D4D1A00002404 /* ViewControllerBLE_Firmata.swift */; };
		8CA303421B3D4E9100002404 /* ViewControllerServer.swift in Sources */ = {isa = PBXBuildFile; fileRef = 8CA303411B3D4E9100002404 /* ViewControllerServer.swift */; };
		8CA303461B3D4F7300002404 /* ViewControllerOutlineView.swift in Sources */ = {isa = PBXBuildFile; fileRef = 8CA303451B3D4F7300002404 /* ViewControllerOutlineView.swift */; };
		8CA3034B1B3D51B200002404 /* push.png in Resources */ = {isa = PBXBuildFile; fileRef = 8CA303491B3D51B200002404 /* push.png */; };
		8CA3034C1B3D51B200002404 /* push@2x.png in Resources */ = {isa = PBXBuildFile; fileRef = 8CA3034A1B3D51B200002404 /* push@2x.png */; };
		8CA3034F1B3D52BB00002404 /* record.png in Resources */ = {isa = PBXBuildFile; fileRef = 8CA3034D1B3D52BB00002404 /* record.png */; };
		8CA303501B3D52BB00002404 /* record@2x.png in Resources */ = {isa = PBXBuildFile; fileRef = 8CA3034E1B3D52BB00002404 /* record@2x.png */; };
		8CA303521B3D573B00002404 /* ViewControllerToolbar.swift in Sources */ = {isa = PBXBuildFile; fileRef = 8CA303511B3D573B00002404 /* ViewControllerToolbar.swift */; };
		8CA733881B299937005243A1 /* Component.swift in Sources */ = {isa = PBXBuildFile; fileRef = 8CA733871B299937005243A1 /* Component.swift */; };
		8CA7338C1B29A1E5005243A1 /* Evaluator.swift in Sources */ = {isa = PBXBuildFile; fileRef = 8CA7338B1B29A1E5005243A1 /* Evaluator.swift */; };
		8CC60E8E1B3C2A9900A545AC /* CustomBLECommunicationModule.swift in Sources */ = {isa = PBXBuildFile; fileRef = 8CC60E8D1B3C2A9900A545AC /* CustomBLECommunicationModule.swift */; };
		8CD97D091B38AA2F0076C8C9 /* FilterComponent.swift in Sources */ = {isa = PBXBuildFile; fileRef = 8CD97D081B38AA2F0076C8C9 /* FilterComponent.swift */; };
		8CD97D0F1B39AB7D0076C8C9 /* THServerController.m in Sources */ = {isa = PBXBuildFile; fileRef = 8CD97D0E1B39AB7D0076C8C9 /* THServerController.m */; };
		8CDAAAA91B284AC4002CE2F2 /* TestCaseWindow.swift in Sources */ = {isa = PBXBuildFile; fileRef = 8CDAAAA71B284AC4002CE2F2 /* TestCaseWindow.swift */; };
		8CDAAAAA1B284AC4002CE2F2 /* TestCaseWindow.xib in Resources */ = {isa = PBXBuildFile; fileRef = 8CDAAAA81B284AC4002CE2F2 /* TestCaseWindow.xib */; };
		8CDAAAAE1B2854B7002CE2F2 /* TestCase.swift in Sources */ = {isa = PBXBuildFile; fileRef = 8CDAAAAD1B2854B7002CE2F2 /* TestCase.swift */; };
/* End PBXBuildFile section */

/* Begin PBXContainerItemProxy section */
		8C2CEB1A1B188EB600A2DB8F /* PBXContainerItemProxy */ = {
			isa = PBXContainerItemProxy;
			containerPortal = 8C2CEAFF1B188EB600A2DB8F /* Project object */;
			proxyType = 1;
			remoteGlobalIDString = 8C2CEB061B188EB600A2DB8F;
			remoteInfo = "text-it";
		};
/* End PBXContainerItemProxy section */

/* Begin PBXFileReference section */
		8C2CEB071B188EB600A2DB8F /* text-it.app */ = {isa = PBXFileReference; explicitFileType = wrapper.application; includeInIndex = 0; path = "text-it.app"; sourceTree = BUILT_PRODUCTS_DIR; };
		8C2CEB0B1B188EB600A2DB8F /* .. */ = {isa = PBXFileReference; lastKnownFileType = folder; path = ..; sourceTree = "<group>"; };
		8C2CEB0C1B188EB600A2DB8F /* AppDelegate.swift */ = {isa = PBXFileReference; lastKnownFileType = sourcecode.swift; path = AppDelegate.swift; sourceTree = "<group>"; };
		8C2CEB0E1B188EB600A2DB8F /* ViewController.swift */ = {isa = PBXFileReference; lastKnownFileType = sourcecode.swift; path = ViewController.swift; sourceTree = "<group>"; };
		8C2CEB101B188EB600A2DB8F /* Images.xcassets */ = {isa = PBXFileReference; lastKnownFileType = folder.assetcatalog; path = Images.xcassets; sourceTree = "<group>"; };
		8C2CEB131B188EB600A2DB8F /* Base */ = {isa = PBXFileReference; lastKnownFileType = file.storyboard; name = Base; path = Base.lproj/Main.storyboard; sourceTree = "<group>"; };
		8C2CEB191B188EB600A2DB8F /* text-itTests.xctest */ = {isa = PBXFileReference; explicitFileType = wrapper.cfbundle; includeInIndex = 0; path = "text-itTests.xctest"; sourceTree = BUILT_PRODUCTS_DIR; };
		8C2CEB1E1B188EB600A2DB8F /* Info.plist */ = {isa = PBXFileReference; lastKnownFileType = text.plist.xml; path = Info.plist; sourceTree = "<group>"; };
		8C2CEB1F1B188EB600A2DB8F /* text_itTests.swift */ = {isa = PBXFileReference; lastKnownFileType = sourcecode.swift; path = text_itTests.swift; sourceTree = "<group>"; };
		8C32658F1B34B2BC00D958A2 /* IFFirmata.h */ = {isa = PBXFileReference; fileEncoding = 4; lastKnownFileType = sourcecode.c.h; path = IFFirmata.h; sourceTree = "<group>"; };
		8C3265901B34B2BC00D958A2 /* IFFirmata.m */ = {isa = PBXFileReference; fileEncoding = 4; lastKnownFileType = sourcecode.c.objc; path = IFFirmata.m; sourceTree = "<group>"; };
		8C3265911B34B2BC00D958A2 /* IFFirmataCommunicationModule.h */ = {isa = PBXFileReference; fileEncoding = 4; lastKnownFileType = sourcecode.c.h; path = IFFirmataCommunicationModule.h; sourceTree = "<group>"; };
		8C3265921B34B2BC00D958A2 /* IFFirmataCommunicationModule.m */ = {isa = PBXFileReference; fileEncoding = 4; lastKnownFileType = sourcecode.c.objc; path = IFFirmataCommunicationModule.m; sourceTree = "<group>"; };
		8C3265961B34B42300D958A2 /* BLE.h */ = {isa = PBXFileReference; fileEncoding = 4; lastKnownFileType = sourcecode.c.h; path = BLE.h; sourceTree = "<group>"; };
		8C3265971B34B42300D958A2 /* BLEDiscovery.h */ = {isa = PBXFileReference; fileEncoding = 4; lastKnownFileType = sourcecode.c.h; path = BLEDiscovery.h; sourceTree = "<group>"; };
		8C3265981B34B42300D958A2 /* BLEDiscovery.m */ = {isa = PBXFileReference; fileEncoding = 4; lastKnownFileType = sourcecode.c.objc; path = BLEDiscovery.m; sourceTree = "<group>"; };
		8C3265991B34B42300D958A2 /* BLEHelper.h */ = {isa = PBXFileReference; fileEncoding = 4; lastKnownFileType = sourcecode.c.h; path = BLEHelper.h; sourceTree = "<group>"; };
		8C32659A1B34B42300D958A2 /* BLEHelper.m */ = {isa = PBXFileReference; fileEncoding = 4; lastKnownFileType = sourcecode.c.objc; path = BLEHelper.m; sourceTree = "<group>"; };
		8C32659B1B34B42300D958A2 /* BLEService.h */ = {isa = PBXFileReference; fileEncoding = 4; lastKnownFileType = sourcecode.c.h; path = BLEService.h; sourceTree = "<group>"; };
		8C32659C1B34B42300D958A2 /* BLEService.m */ = {isa = PBXFileReference; fileEncoding = 4; lastKnownFileType = sourcecode.c.objc; path = BLEService.m; sourceTree = "<group>"; };
		8C33CCA11B39C2AA00452DE4 /* THCustomComponent.swift */ = {isa = PBXFileReference; fileEncoding = 4; lastKnownFileType = sourcecode.swift; path = THCustomComponent.swift; sourceTree = "<group>"; };
		8C515AFE1B4143A4005ED4C8 /* WindowController.swift */ = {isa = PBXFileReference; fileEncoding = 4; lastKnownFileType = sourcecode.swift; path = WindowController.swift; sourceTree = "<group>"; };
		8C60024A1B1C45C20057892E /* text-it-Bridging-Header.h */ = {isa = PBXFileReference; lastKnownFileType = sourcecode.c.h; path = "text-it-Bridging-Header.h"; sourceTree = "<group>"; };
		8C60024B1B1C45C30057892E /* NoodleLineNumberView.h */ = {isa = PBXFileReference; fileEncoding = 4; lastKnownFileType = sourcecode.c.h; path = NoodleLineNumberView.h; sourceTree = "<group>"; };
		8C60024C1B1C45C30057892E /* NoodleLineNumberView.m */ = {isa = PBXFileReference; fileEncoding = 4; lastKnownFileType = sourcecode.c.objc; path = NoodleLineNumberView.m; sourceTree = "<group>"; };
		8C60024E1B1C460A0057892E /* NoodleLineNumberMarker.h */ = {isa = PBXFileReference; fileEncoding = 4; lastKnownFileType = sourcecode.c.h; path = NoodleLineNumberMarker.h; sourceTree = "<group>"; };
		8C60024F1B1C460A0057892E /* NoodleLineNumberMarker.m */ = {isa = PBXFileReference; fileEncoding = 4; lastKnownFileType = sourcecode.c.objc; path = NoodleLineNumberMarker.m; sourceTree = "<group>"; };
		8C6002511B1C4F7A0057892E /* MarkerLineNumberView.m */ = {isa = PBXFileReference; fileEncoding = 4; lastKnownFileType = sourcecode.c.objc; path = MarkerLineNumberView.m; sourceTree = "<group>"; };
		8C6002521B1C4F7A0057892E /* MarkerLineNumberView.h */ = {isa = PBXFileReference; fileEncoding = 4; lastKnownFileType = sourcecode.c.h; path = MarkerLineNumberView.h; sourceTree = "<group>"; };
		8C6002551B1C5B080057892E /* DataLoader.swift */ = {isa = PBXFileReference; fileEncoding = 4; lastKnownFileType = sourcecode.swift; path = DataLoader.swift; sourceTree = "<group>"; };
		8C6002581B1C71340057892E /* LineChart.swift */ = {isa = PBXFileReference; fileEncoding = 4; lastKnownFileType = sourcecode.swift; path = LineChart.swift; sourceTree = "<group>"; };
		8C701D0F1B2486EB002BEED5 /* LowPassFilter.swift */ = {isa = PBXFileReference; fileEncoding = 4; lastKnownFileType = sourcecode.swift; path = LowPassFilter.swift; sourceTree = "<group>"; };
		8C75C6FC1B2EFF19009CAE62 /* ComponentModel.swift */ = {isa = PBXFileReference; fileEncoding = 4; lastKnownFileType = sourcecode.swift; path = ComponentModel.swift; sourceTree = "<group>"; };
		8C8953BB1B27092A008CFA3C /* RCFilter.swift */ = {isa = PBXFileReference; fileEncoding = 4; lastKnownFileType = sourcecode.swift; path = RCFilter.swift; sourceTree = "<group>"; };
		8CA3033F1B3D4D1A00002404 /* ViewControllerBLE_Firmata.swift */ = {isa = PBXFileReference; fileEncoding = 4; lastKnownFileType = sourcecode.swift; path = ViewControllerBLE_Firmata.swift; sourceTree = "<group>"; };
		8CA303411B3D4E9100002404 /* ViewControllerServer.swift */ = {isa = PBXFileReference; fileEncoding = 4; lastKnownFileType = sourcecode.swift; path = ViewControllerServer.swift; sourceTree = "<group>"; };
		8CA303451B3D4F7300002404 /* ViewControllerOutlineView.swift */ = {isa = PBXFileReference; fileEncoding = 4; lastKnownFileType = sourcecode.swift; path = ViewControllerOutlineView.swift; sourceTree = "<group>"; };
		8CA303491B3D51B200002404 /* push.png */ = {isa = PBXFileReference; lastKnownFileType = image.png; path = push.png; sourceTree = "<group>"; };
		8CA3034A1B3D51B200002404 /* push@2x.png */ = {isa = PBXFileReference; lastKnownFileType = image.png; path = "push@2x.png"; sourceTree = "<group>"; };
		8CA3034D1B3D52BB00002404 /* record.png */ = {isa = PBXFileReference; lastKnownFileType = image.png; path = record.png; sourceTree = "<group>"; };
		8CA3034E1B3D52BB00002404 /* record@2x.png */ = {isa = PBXFileReference; lastKnownFileType = image.png; path = "record@2x.png"; sourceTree = "<group>"; };
		8CA303511B3D573B00002404 /* ViewControllerToolbar.swift */ = {isa = PBXFileReference; fileEncoding = 4; lastKnownFileType = sourcecode.swift; path = ViewControllerToolbar.swift; sourceTree = "<group>"; };
		8CA733871B299937005243A1 /* Component.swift */ = {isa = PBXFileReference; fileEncoding = 4; lastKnownFileType = sourcecode.swift; path = Component.swift; sourceTree = "<group>"; };
		8CA7338B1B29A1E5005243A1 /* Evaluator.swift */ = {isa = PBXFileReference; fileEncoding = 4; lastKnownFileType = sourcecode.swift; path = Evaluator.swift; sourceTree = "<group>"; };
		8CC60E8D1B3C2A9900A545AC /* CustomBLECommunicationModule.swift */ = {isa = PBXFileReference; fileEncoding = 4; lastKnownFileType = sourcecode.swift; path = CustomBLECommunicationModule.swift; sourceTree = "<group>"; };
		8CD97D081B38AA2F0076C8C9 /* FilterComponent.swift */ = {isa = PBXFileReference; fileEncoding = 4; lastKnownFileType = sourcecode.swift; path = FilterComponent.swift; sourceTree = "<group>"; };
		8CD97D0D1B39AB7D0076C8C9 /* THServerController.h */ = {isa = PBXFileReference; fileEncoding = 4; lastKnownFileType = sourcecode.c.h; path = THServerController.h; sourceTree = "<group>"; };
		8CD97D0E1B39AB7D0076C8C9 /* THServerController.m */ = {isa = PBXFileReference; fileEncoding = 4; lastKnownFileType = sourcecode.c.objc; path = THServerController.m; sourceTree = "<group>"; };
		8CDAAAA71B284AC4002CE2F2 /* TestCaseWindow.swift */ = {isa = PBXFileReference; fileEncoding = 4; lastKnownFileType = sourcecode.swift; path = TestCaseWindow.swift; sourceTree = "<group>"; };
		8CDAAAA81B284AC4002CE2F2 /* TestCaseWindow.xib */ = {isa = PBXFileReference; fileEncoding = 4; lastKnownFileType = file.xib; path = TestCaseWindow.xib; sourceTree = "<group>"; };
		8CDAAAAD1B2854B7002CE2F2 /* TestCase.swift */ = {isa = PBXFileReference; fileEncoding = 4; lastKnownFileType = sourcecode.swift; path = TestCase.swift; sourceTree = "<group>"; };
/* End PBXFileReference section */

/* Begin PBXFrameworksBuildPhase section */
		8C2CEB041B188EB600A2DB8F /* Frameworks */ = {
			isa = PBXFrameworksBuildPhase;
			buildActionMask = 2147483647;
			files = (
			);
			runOnlyForDeploymentPostprocessing = 0;
		};
		8C2CEB161B188EB600A2DB8F /* Frameworks */ = {
			isa = PBXFrameworksBuildPhase;
			buildActionMask = 2147483647;
			files = (
			);
			runOnlyForDeploymentPostprocessing = 0;
		};
/* End PBXFrameworksBuildPhase section */

/* Begin PBXGroup section */
		8C2CEAFE1B188EB600A2DB8F = {
			isa = PBXGroup;
			children = (
				8C2CEB091B188EB600A2DB8F /* text-it */,
				8C2CEB1C1B188EB600A2DB8F /* text-itTests */,
				8C2CEB081B188EB600A2DB8F /* Products */,
			);
			sourceTree = "<group>";
		};
		8C2CEB081B188EB600A2DB8F /* Products */ = {
			isa = PBXGroup;
			children = (
				8C2CEB071B188EB600A2DB8F /* text-it.app */,
				8C2CEB191B188EB600A2DB8F /* text-itTests.xctest */,
			);
			name = Products;
			sourceTree = "<group>";
		};
		8C2CEB091B188EB600A2DB8F /* text-it */ = {
			isa = PBXGroup;
			children = (
				8CA733841B298E95005243A1 /* Model */,
				8CA733861B298ECD005243A1 /* Controller */,
				8CA733851B298EAB005243A1 /* View */,
				8C60024A1B1C45C20057892E /* text-it-Bridging-Header.h */,
				8C2CEB0A1B188EB600A2DB8F /* Supporting Files */,
			);
			path = "text-it";
			sourceTree = "<group>";
		};
		8C2CEB0A1B188EB600A2DB8F /* Supporting Files */ = {
			isa = PBXGroup;
			children = (
				8CA303471B3D516B00002404 /* Resources */,
				8CC60E8C1B3C2A4A00A545AC /* TangoHappServerController */,
				8C3265951B34B3F000D958A2 /* BLE */,
				8C32658B1B34B22800D958A2 /* Firmata */,
				8C2CEB101B188EB600A2DB8F /* Images.xcassets */,
				8C6002491B1C45930057892E /* NoodleLineView */,
				8C2CEB0B1B188EB600A2DB8F /* .. */,
			);
			path = "Supporting Files";
			sourceTree = "<group>";
		};
		8C2CEB1C1B188EB600A2DB8F /* text-itTests */ = {
			isa = PBXGroup;
			children = (
				8C2CEB1F1B188EB600A2DB8F /* text_itTests.swift */,
				8C2CEB1D1B188EB600A2DB8F /* Supporting Files */,
			);
			path = "text-itTests";
			sourceTree = "<group>";
		};
		8C2CEB1D1B188EB600A2DB8F /* Supporting Files */ = {
			isa = PBXGroup;
			children = (
				8C2CEB1E1B188EB600A2DB8F /* Info.plist */,
			);
			name = "Supporting Files";
			sourceTree = "<group>";
		};
		8C32658B1B34B22800D958A2 /* Firmata */ = {
			isa = PBXGroup;
			children = (
				8C32658F1B34B2BC00D958A2 /* IFFirmata.h */,
				8C3265901B34B2BC00D958A2 /* IFFirmata.m */,
				8C3265911B34B2BC00D958A2 /* IFFirmataCommunicationModule.h */,
				8C3265921B34B2BC00D958A2 /* IFFirmataCommunicationModule.m */,
			);
			path = Firmata;
			sourceTree = "<group>";
		};
		8C3265951B34B3F000D958A2 /* BLE */ = {
			isa = PBXGroup;
			children = (
				8C3265961B34B42300D958A2 /* BLE.h */,
				8C3265971B34B42300D958A2 /* BLEDiscovery.h */,
				8C3265981B34B42300D958A2 /* BLEDiscovery.m */,
				8C3265991B34B42300D958A2 /* BLEHelper.h */,
				8C32659A1B34B42300D958A2 /* BLEHelper.m */,
				8C32659B1B34B42300D958A2 /* BLEService.h */,
				8C32659C1B34B42300D958A2 /* BLEService.m */,
				8CC60E8D1B3C2A9900A545AC /* CustomBLECommunicationModule.swift */,
			);
			path = BLE;
			sourceTree = "<group>";
		};
		8C6002491B1C45930057892E /* NoodleLineView */ = {
			isa = PBXGroup;
			children = (
				8C6002511B1C4F7A0057892E /* MarkerLineNumberView.m */,
				8C6002521B1C4F7A0057892E /* MarkerLineNumberView.h */,
				8C60024E1B1C460A0057892E /* NoodleLineNumberMarker.h */,
				8C60024F1B1C460A0057892E /* NoodleLineNumberMarker.m */,
				8C60024B1B1C45C30057892E /* NoodleLineNumberView.h */,
				8C60024C1B1C45C30057892E /* NoodleLineNumberView.m */,
			);
			path = NoodleLineView;
			sourceTree = "<group>";
		};
		8C6002541B1C5ADE0057892E /* Loader */ = {
			isa = PBXGroup;
			children = (
				8C6002551B1C5B080057892E /* DataLoader.swift */,
			);
			path = Loader;
			sourceTree = "<group>";
		};
		8C6002571B1C711E0057892E /* LineChart */ = {
			isa = PBXGroup;
			children = (
				8C6002581B1C71340057892E /* LineChart.swift */,
			);
			path = LineChart;
			sourceTree = "<group>";
		};
		8C701D0E1B24861B002BEED5 /* Filter */ = {
			isa = PBXGroup;
			children = (
				8C701D0F1B2486EB002BEED5 /* LowPassFilter.swift */,
				8C8953BB1B27092A008CFA3C /* RCFilter.swift */,
				8CD97D081B38AA2F0076C8C9 /* FilterComponent.swift */,
			);
			path = Filter;
			sourceTree = "<group>";
		};
		8CA303471B3D516B00002404 /* Resources */ = {
			isa = PBXGroup;
			children = (
				8CA303481B3D518E00002404 /* Images */,
			);
			path = Resources;
			sourceTree = "<group>";
		};
		8CA303481B3D518E00002404 /* Images */ = {
			isa = PBXGroup;
			children = (
				8CA3034D1B3D52BB00002404 /* record.png */,
				8CA3034E1B3D52BB00002404 /* record@2x.png */,
				8CA303491B3D51B200002404 /* push.png */,
				8CA3034A1B3D51B200002404 /* push@2x.png */,
			);
			path = Images;
			sourceTree = "<group>";
		};
		8CA733841B298E95005243A1 /* Model */ = {
			isa = PBXGroup;
			children = (
				8CDAAAAB1B285476002CE2F2 /* Components */,
				8C6002541B1C5ADE0057892E /* Loader */,
				8C6002571B1C711E0057892E /* LineChart */,
			);
			path = Model;
			sourceTree = "<group>";
		};
		8CA733851B298EAB005243A1 /* View */ = {
			isa = PBXGroup;
			children = (
				8CDAAAA81B284AC4002CE2F2 /* TestCaseWindow.xib */,
				8C2CEB121B188EB600A2DB8F /* Main.storyboard */,
			);
			path = View;
			sourceTree = "<group>";
		};
		8CA733861B298ECD005243A1 /* Controller */ = {
			isa = PBXGroup;
			children = (
				8C2CEB0C1B188EB600A2DB8F /* AppDelegate.swift */,
				8CDAAAA71B284AC4002CE2F2 /* TestCaseWindow.swift */,
				8C2CEB0E1B188EB600A2DB8F /* ViewController.swift */,
				8CA303451B3D4F7300002404 /* ViewControllerOutlineView.swift */,
				8CA3033F1B3D4D1A00002404 /* ViewControllerBLE_Firmata.swift */,
				8CA303411B3D4E9100002404 /* ViewControllerServer.swift */,
				8CA303511B3D573B00002404 /* ViewControllerToolbar.swift */,
				8C515AFE1B4143A4005ED4C8 /* WindowController.swift */,
			);
			path = Controller;
			sourceTree = "<group>";
		};
		8CA7338D1B29A1EA005243A1 /* Evaluator */ = {
			isa = PBXGroup;
			children = (
				8CA7338B1B29A1E5005243A1 /* Evaluator.swift */,
			);
			path = Evaluator;
			sourceTree = "<group>";
		};
		8CC60E8C1B3C2A4A00A545AC /* TangoHappServerController */ = {
			isa = PBXGroup;
			children = (
				8CD97D0D1B39AB7D0076C8C9 /* THServerController.h */,
				8CD97D0E1B39AB7D0076C8C9 /* THServerController.m */,
			);
			path = TangoHappServerController;
			sourceTree = "<group>";
		};
		8CD97D041B38A0550076C8C9 /* FeatureExtraction */ = {
			isa = PBXGroup;
			children = (
			);
			path = FeatureExtraction;
			sourceTree = "<group>";
		};
		8CDAAAAB1B285476002CE2F2 /* Components */ = {
			isa = PBXGroup;
			children = (
				8CA733871B299937005243A1 /* Component.swift */,
				8C75C6FC1B2EFF19009CAE62 /* ComponentModel.swift */,
				8CD97D041B38A0550076C8C9 /* FeatureExtraction */,
				8CA7338D1B29A1EA005243A1 /* Evaluator */,
				8CDAAAAC1B285480002CE2F2 /* TestCase */,
				8C701D0E1B24861B002BEED5 /* Filter */,
			);
			path = Components;
			sourceTree = "<group>";
		};
		8CDAAAAC1B285480002CE2F2 /* TestCase */ = {
			isa = PBXGroup;
			children = (
				8CDAAAAD1B2854B7002CE2F2 /* TestCase.swift */,
				8C33CCA11B39C2AA00452DE4 /* THCustomComponent.swift */,
			);
			path = TestCase;
			sourceTree = "<group>";
		};
/* End PBXGroup section */

/* Begin PBXNativeTarget section */
		8C2CEB061B188EB600A2DB8F /* text-it */ = {
			isa = PBXNativeTarget;
			buildConfigurationList = 8C2CEB231B188EB600A2DB8F /* Build configuration list for PBXNativeTarget "text-it" */;
			buildPhases = (
				8C2CEB031B188EB600A2DB8F /* Sources */,
				8C2CEB041B188EB600A2DB8F /* Frameworks */,
				8C2CEB051B188EB600A2DB8F /* Resources */,
			);
			buildRules = (
			);
			dependencies = (
			);
			name = "text-it";
			productName = "text-it";
			productReference = 8C2CEB071B188EB600A2DB8F /* text-it.app */;
			productType = "com.apple.product-type.application";
		};
		8C2CEB181B188EB600A2DB8F /* text-itTests */ = {
			isa = PBXNativeTarget;
			buildConfigurationList = 8C2CEB261B188EB600A2DB8F /* Build configuration list for PBXNativeTarget "text-itTests" */;
			buildPhases = (
				8C2CEB151B188EB600A2DB8F /* Sources */,
				8C2CEB161B188EB600A2DB8F /* Frameworks */,
				8C2CEB171B188EB600A2DB8F /* Resources */,
			);
			buildRules = (
			);
			dependencies = (
				8C2CEB1B1B188EB600A2DB8F /* PBXTargetDependency */,
			);
			name = "text-itTests";
			productName = "text-itTests";
			productReference = 8C2CEB191B188EB600A2DB8F /* text-itTests.xctest */;
			productType = "com.apple.product-type.bundle.unit-test";
		};
/* End PBXNativeTarget section */

/* Begin PBXProject section */
		8C2CEAFF1B188EB600A2DB8F /* Project object */ = {
			isa = PBXProject;
			attributes = {
				LastUpgradeCheck = 0630;
				ORGANIZATIONNAME = "Mertcan Yigin";
				TargetAttributes = {
					8C2CEB061B188EB600A2DB8F = {
						CreatedOnToolsVersion = 6.3.2;
					};
					8C2CEB181B188EB600A2DB8F = {
						CreatedOnToolsVersion = 6.3.2;
						TestTargetID = 8C2CEB061B188EB600A2DB8F;
					};
				};
			};
			buildConfigurationList = 8C2CEB021B188EB600A2DB8F /* Build configuration list for PBXProject "text-it" */;
			compatibilityVersion = "Xcode 3.2";
			developmentRegion = English;
			hasScannedForEncodings = 0;
			knownRegions = (
				en,
				Base,
			);
			mainGroup = 8C2CEAFE1B188EB600A2DB8F;
			productRefGroup = 8C2CEB081B188EB600A2DB8F /* Products */;
			projectDirPath = "";
			projectRoot = "";
			targets = (
				8C2CEB061B188EB600A2DB8F /* text-it */,
				8C2CEB181B188EB600A2DB8F /* text-itTests */,
			);
		};
/* End PBXProject section */

/* Begin PBXResourcesBuildPhase section */
		8C2CEB051B188EB600A2DB8F /* Resources */ = {
			isa = PBXResourcesBuildPhase;
			buildActionMask = 2147483647;
			files = (
				8CA3034C1B3D51B200002404 /* push@2x.png in Resources */,
				8C2CEB111B188EB600A2DB8F /* Images.xcassets in Resources */,
				8C2CEB141B188EB600A2DB8F /* Main.storyboard in Resources */,
				8CDAAAAA1B284AC4002CE2F2 /* TestCaseWindow.xib in Resources */,
				8CA3034F1B3D52BB00002404 /* record.png in Resources */,
				8CA3034B1B3D51B200002404 /* push.png in Resources */,
				8CA303501B3D52BB00002404 /* record@2x.png in Resources */,
			);
			runOnlyForDeploymentPostprocessing = 0;
		};
		8C2CEB171B188EB600A2DB8F /* Resources */ = {
			isa = PBXResourcesBuildPhase;
			buildActionMask = 2147483647;
			files = (
			);
			runOnlyForDeploymentPostprocessing = 0;
		};
/* End PBXResourcesBuildPhase section */

/* Begin PBXSourcesBuildPhase section */
		8C2CEB031B188EB600A2DB8F /* Sources */ = {
			isa = PBXSourcesBuildPhase;
			buildActionMask = 2147483647;
			files = (
				8C33CCA21B39C2AA00452DE4 /* THCustomComponent.swift in Sources */,
				8CA303521B3D573B00002404 /* ViewControllerToolbar.swift in Sources */,
				8C6002531B1C4F7A0057892E /* MarkerLineNumberView.m in Sources */,
				8CA733881B299937005243A1 /* Component.swift in Sources */,
				8C60024D1B1C45C30057892E /* NoodleLineNumberView.m in Sources */,
				8C6002561B1C5B080057892E /* DataLoader.swift in Sources */,
				8C2CEB0F1B188EB600A2DB8F /* ViewController.swift in Sources */,
				8C6002591B1C71340057892E /* LineChart.swift in Sources */,
				8CDAAAA91B284AC4002CE2F2 /* TestCaseWindow.swift in Sources */,
				8CD97D0F1B39AB7D0076C8C9 /* THServerController.m in Sources */,
				8C32659F1B34B42300D958A2 /* BLEService.m in Sources */,
				8CA303421B3D4E9100002404 /* ViewControllerServer.swift in Sources */,
				8CC60E8E1B3C2A9900A545AC /* CustomBLECommunicationModule.swift in Sources */,
				8CDAAAAE1B2854B7002CE2F2 /* TestCase.swift in Sources */,
				8C3265941B34B2BC00D958A2 /* IFFirmataCommunicationModule.m in Sources */,
				8CA7338C1B29A1E5005243A1 /* Evaluator.swift in Sources */,
				8C32659D1B34B42300D958A2 /* BLEDiscovery.m in Sources */,
				8C515AFF1B4143A4005ED4C8 /* WindowController.swift in Sources */,
				8CA303401B3D4D1A00002404 /* ViewControllerBLE_Firmata.swift in Sources */,
				8C75C6FD1B2EFF19009CAE62 /* ComponentModel.swift in Sources */,
				8C701D101B2486EB002BEED5 /* LowPassFilter.swift in Sources */,
				8C2CEB0D1B188EB600A2DB8F /* AppDelegate.swift in Sources */,
				8C6002501B1C460A0057892E /* NoodleLineNumberMarker.m in Sources */,
				8C3265931B34B2BC00D958A2 /* IFFirmata.m in Sources */,
				8CD97D091B38AA2F0076C8C9 /* FilterComponent.swift in Sources */,
				8C8953BC1B27092A008CFA3C /* RCFilter.swift in Sources */,
				8CA303461B3D4F7300002404 /* ViewControllerOutlineView.swift in Sources */,
				8C32659E1B34B42300D958A2 /* BLEHelper.m in Sources */,
			);
			runOnlyForDeploymentPostprocessing = 0;
		};
		8C2CEB151B188EB600A2DB8F /* Sources */ = {
			isa = PBXSourcesBuildPhase;
			buildActionMask = 2147483647;
			files = (
				8C2CEB201B188EB600A2DB8F /* text_itTests.swift in Sources */,
			);
			runOnlyForDeploymentPostprocessing = 0;
		};
/* End PBXSourcesBuildPhase section */

/* Begin PBXTargetDependency section */
		8C2CEB1B1B188EB600A2DB8F /* PBXTargetDependency */ = {
			isa = PBXTargetDependency;
			target = 8C2CEB061B188EB600A2DB8F /* text-it */;
			targetProxy = 8C2CEB1A1B188EB600A2DB8F /* PBXContainerItemProxy */;
		};
/* End PBXTargetDependency section */

/* Begin PBXVariantGroup section */
		8C2CEB121B188EB600A2DB8F /* Main.storyboard */ = {
			isa = PBXVariantGroup;
			children = (
				8C2CEB131B188EB600A2DB8F /* Base */,
			);
			name = Main.storyboard;
			path = ..;
			sourceTree = "<group>";
		};
/* End PBXVariantGroup section */

/* Begin XCBuildConfiguration section */
		8C2CEB211B188EB600A2DB8F /* Debug */ = {
			isa = XCBuildConfiguration;
			buildSettings = {
				ALWAYS_SEARCH_USER_PATHS = NO;
				CLANG_CXX_LANGUAGE_STANDARD = "gnu++0x";
				CLANG_CXX_LIBRARY = "libc++";
				CLANG_ENABLE_MODULES = YES;
				CLANG_ENABLE_OBJC_ARC = YES;
				CLANG_WARN_BOOL_CONVERSION = YES;
				CLANG_WARN_CONSTANT_CONVERSION = YES;
				CLANG_WARN_DIRECT_OBJC_ISA_USAGE = YES_ERROR;
				CLANG_WARN_EMPTY_BODY = YES;
				CLANG_WARN_ENUM_CONVERSION = YES;
				CLANG_WARN_INT_CONVERSION = YES;
				CLANG_WARN_OBJC_ROOT_CLASS = YES_ERROR;
				CLANG_WARN_UNREACHABLE_CODE = YES;
				CLANG_WARN__DUPLICATE_METHOD_MATCH = YES;
				CODE_SIGN_IDENTITY = "-";
				COPY_PHASE_STRIP = NO;
				DEBUG_INFORMATION_FORMAT = dwarf;
				ENABLE_STRICT_OBJC_MSGSEND = YES;
				GCC_C_LANGUAGE_STANDARD = gnu99;
				GCC_DYNAMIC_NO_PIC = NO;
				GCC_NO_COMMON_BLOCKS = YES;
				GCC_OPTIMIZATION_LEVEL = 0;
				GCC_PREPROCESSOR_DEFINITIONS = (
					"DEBUG=1",
					"$(inherited)",
				);
				GCC_SYMBOLS_PRIVATE_EXTERN = NO;
				GCC_WARN_64_TO_32_BIT_CONVERSION = YES;
				GCC_WARN_ABOUT_RETURN_TYPE = YES_ERROR;
				GCC_WARN_UNDECLARED_SELECTOR = YES;
				GCC_WARN_UNINITIALIZED_AUTOS = YES_AGGRESSIVE;
				GCC_WARN_UNUSED_FUNCTION = YES;
				GCC_WARN_UNUSED_VARIABLE = YES;
				MACOSX_DEPLOYMENT_TARGET = 10.10;
				MTL_ENABLE_DEBUG_INFO = YES;
				ONLY_ACTIVE_ARCH = YES;
				SDKROOT = macosx;
				SWIFT_OPTIMIZATION_LEVEL = "-Onone";
			};
			name = Debug;
		};
		8C2CEB221B188EB600A2DB8F /* Release */ = {
			isa = XCBuildConfiguration;
			buildSettings = {
				ALWAYS_SEARCH_USER_PATHS = NO;
				CLANG_CXX_LANGUAGE_STANDARD = "gnu++0x";
				CLANG_CXX_LIBRARY = "libc++";
				CLANG_ENABLE_MODULES = YES;
				CLANG_ENABLE_OBJC_ARC = YES;
				CLANG_WARN_BOOL_CONVERSION = YES;
				CLANG_WARN_CONSTANT_CONVERSION = YES;
				CLANG_WARN_DIRECT_OBJC_ISA_USAGE = YES_ERROR;
				CLANG_WARN_EMPTY_BODY = YES;
				CLANG_WARN_ENUM_CONVERSION = YES;
				CLANG_WARN_INT_CONVERSION = YES;
				CLANG_WARN_OBJC_ROOT_CLASS = YES_ERROR;
				CLANG_WARN_UNREACHABLE_CODE = YES;
				CLANG_WARN__DUPLICATE_METHOD_MATCH = YES;
				CODE_SIGN_IDENTITY = "-";
				COPY_PHASE_STRIP = NO;
				DEBUG_INFORMATION_FORMAT = "dwarf-with-dsym";
				ENABLE_NS_ASSERTIONS = NO;
				ENABLE_STRICT_OBJC_MSGSEND = YES;
				GCC_C_LANGUAGE_STANDARD = gnu99;
				GCC_NO_COMMON_BLOCKS = YES;
				GCC_WARN_64_TO_32_BIT_CONVERSION = YES;
				GCC_WARN_ABOUT_RETURN_TYPE = YES_ERROR;
				GCC_WARN_UNDECLARED_SELECTOR = YES;
				GCC_WARN_UNINITIALIZED_AUTOS = YES_AGGRESSIVE;
				GCC_WARN_UNUSED_FUNCTION = YES;
				GCC_WARN_UNUSED_VARIABLE = YES;
				MACOSX_DEPLOYMENT_TARGET = 10.10;
				MTL_ENABLE_DEBUG_INFO = NO;
				SDKROOT = macosx;
			};
			name = Release;
		};
		8C2CEB241B188EB600A2DB8F /* Debug */ = {
			isa = XCBuildConfiguration;
			buildSettings = {
				ASSETCATALOG_COMPILER_APPICON_NAME = AppIcon;
				CLANG_ENABLE_MODULES = YES;
				CLANG_WARN_OBJC_MISSING_PROPERTY_SYNTHESIS = NO;
				COMBINE_HIDPI_IMAGES = YES;
				INFOPLIST_FILE = "text-it/Info.plist";
				LD_RUNPATH_SEARCH_PATHS = "$(inherited) @executable_path/../Frameworks";
				PRODUCT_NAME = "$(TARGET_NAME)";
				SWIFT_OBJC_BRIDGING_HEADER = "text-it/text-it-Bridging-Header.h";
				SWIFT_OPTIMIZATION_LEVEL = "-Onone";
			};
			name = Debug;
		};
		8C2CEB251B188EB600A2DB8F /* Release */ = {
			isa = XCBuildConfiguration;
			buildSettings = {
				ASSETCATALOG_COMPILER_APPICON_NAME = AppIcon;
				CLANG_ENABLE_MODULES = YES;
				CLANG_WARN_OBJC_MISSING_PROPERTY_SYNTHESIS = NO;
				COMBINE_HIDPI_IMAGES = YES;
				INFOPLIST_FILE = "text-it/Info.plist";
				LD_RUNPATH_SEARCH_PATHS = "$(inherited) @executable_path/../Frameworks";
				PRODUCT_NAME = "$(TARGET_NAME)";
				SWIFT_OBJC_BRIDGING_HEADER = "text-it/text-it-Bridging-Header.h";
			};
			name = Release;
		};
		8C2CEB271B188EB600A2DB8F /* Debug */ = {
			isa = XCBuildConfiguration;
			buildSettings = {
				BUNDLE_LOADER = "$(TEST_HOST)";
				COMBINE_HIDPI_IMAGES = YES;
				FRAMEWORK_SEARCH_PATHS = (
					"$(DEVELOPER_FRAMEWORKS_DIR)",
					"$(inherited)",
				);
				GCC_PREPROCESSOR_DEFINITIONS = (
					"DEBUG=1",
					"$(inherited)",
				);
				INFOPLIST_FILE = "text-itTests/Info.plist";
				LD_RUNPATH_SEARCH_PATHS = "$(inherited) @executable_path/../Frameworks @loader_path/../Frameworks";
				PRODUCT_NAME = "$(TARGET_NAME)";
				TEST_HOST = "$(BUILT_PRODUCTS_DIR)/text-it.app/Contents/MacOS/text-it";
			};
			name = Debug;
		};
		8C2CEB281B188EB600A2DB8F /* Release */ = {
			isa = XCBuildConfiguration;
			buildSettings = {
				BUNDLE_LOADER = "$(TEST_HOST)";
				COMBINE_HIDPI_IMAGES = YES;
				FRAMEWORK_SEARCH_PATHS = (
					"$(DEVELOPER_FRAMEWORKS_DIR)",
					"$(inherited)",
				);
				INFOPLIST_FILE = "text-itTests/Info.plist";
				LD_RUNPATH_SEARCH_PATHS = "$(inherited) @executable_path/../Frameworks @loader_path/../Frameworks";
				PRODUCT_NAME = "$(TARGET_NAME)";
				TEST_HOST = "$(BUILT_PRODUCTS_DIR)/text-it.app/Contents/MacOS/text-it";
			};
			name = Release;
		};
/* End XCBuildConfiguration section */

/* Begin XCConfigurationList section */
		8C2CEB021B188EB600A2DB8F /* Build configuration list for PBXProject "text-it" */ = {
			isa = XCConfigurationList;
			buildConfigurations = (
				8C2CEB211B188EB600A2DB8F /* Debug */,
				8C2CEB221B188EB600A2DB8F /* Release */,
			);
			defaultConfigurationIsVisible = 0;
			defaultConfigurationName = Release;
		};
		8C2CEB231B188EB600A2DB8F /* Build configuration list for PBXNativeTarget "text-it" */ = {
			isa = XCConfigurationList;
			buildConfigurations = (
				8C2CEB241B188EB600A2DB8F /* Debug */,
				8C2CEB251B188EB600A2DB8F /* Release */,
			);
			defaultConfigurationIsVisible = 0;
			defaultConfigurationName = Release;
		};
		8C2CEB261B188EB600A2DB8F /* Build configuration list for PBXNativeTarget "text-itTests" */ = {
			isa = XCConfigurationList;
			buildConfigurations = (
				8C2CEB271B188EB600A2DB8F /* Debug */,
				8C2CEB281B188EB600A2DB8F /* Release */,
			);
			defaultConfigurationIsVisible = 0;
			defaultConfigurationName = Release;
		};
/* End XCConfigurationList section */
	};
	rootObject = 8C2CEAFF1B188EB600A2DB8F /* Project object */;
}
